
Microsoft Visual Studio Solution File, Format Version 12.00
# Visual Studio 15
VisualStudioVersion = 15.0.27428.2005
MinimumVisualStudioVersion = 10.0.40219.1
Project("{FAE04EC0-301F-11D3-BF4B-00C04F79EFBC}") = "CompositionOverInheritance", "CompositionOverInheritance\CompositionOverInheritance.csproj", "{2001D5C7-B419-45D7-BC74-2528F62FD560}"
EndProject
Project("{FAE04EC0-301F-11D3-BF4B-00C04F79EFBC}") = "CompositionOverInheritance.Inherited", "CompositionOverInheritance.Inherited\CompositionOverInheritance.Inherited.csproj", "{288A8A47-EC83-4E43-A2C0-94EF115A2836}"
EndProject
Project("{FAE04EC0-301F-11D3-BF4B-00C04F79EFBC}") = "CompositionOverInheritance.Composed", "CompositionOverInheritance.Composed\CompositionOverInheritance.Composed.csproj", "{496E7E1C-DFE1-42CF-BDEF-03F3A86B99E4}"
EndProject
Global
	GlobalSection(SolutionConfigurationPlatforms) = preSolution
		Debug|Any CPU = Debug|Any CPU
		Release|Any CPU = Release|Any CPU
	EndGlobalSection
	GlobalSection(ProjectConfigurationPlatforms) = postSolution
		{2001D5C7-B419-45D7-BC74-2528F62FD560}.Debug|Any CPU.ActiveCfg = Debug|Any CPU
		{2001D5C7-B419-45D7-BC74-2528F62FD560}.Debug|Any CPU.Build.0 = Debug|Any CPU
		{2001D5C7-B419-45D7-BC74-2528F62FD560}.Release|Any CPU.ActiveCfg = Release|Any CPU
		{2001D5C7-B419-45D7-BC74-2528F62FD560}.Release|Any CPU.Build.0 = Release|Any CPU
		{288A8A47-EC83-4E43-A2C0-94EF115A2836}.Debug|Any CPU.ActiveCfg = Debug|Any CPU
		{288A8A47-EC83-4E43-A2C0-94EF115A2836}.Debug|Any CPU.Build.0 = Debug|Any CPU
		{288A8A47-EC83-4E43-A2C0-94EF115A2836}.Release|Any CPU.ActiveCfg = Release|Any CPU
		{288A8A47-EC83-4E43-A2C0-94EF115A2836}.Release|Any CPU.Build.0 = Release|Any CPU
		{496E7E1C-DFE1-42CF-BDEF-03F3A86B99E4}.Debug|Any CPU.ActiveCfg = Debug|Any CPU
		{496E7E1C-DFE1-42CF-BDEF-03F3A86B99E4}.Debug|Any CPU.Build.0 = Debug|Any CPU
		{496E7E1C-DFE1-42CF-BDEF-03F3A86B99E4}.Release|Any CPU.ActiveCfg = Release|Any CPU
		{496E7E1C-DFE1-42CF-BDEF-03F3A86B99E4}.Release|Any CPU.Build.0 = Release|Any CPU
	EndGlobalSection
	GlobalSection(SolutionProperties) = preSolution
		HideSolutionNode = FALSE
	EndGlobalSection
	GlobalSection(ExtensibilityGlobals) = postSolution
		SolutionGuid = {FFCC69C1-A01A-4E0B-92F2-F8893F414384}
	EndGlobalSection
EndGlobal
