
Microsoft Visual Studio Solution File, Format Version 12.00
# Visual Studio 15
VisualStudioVersion = 15.0.27428.2027
MinimumVisualStudioVersion = 10.0.40219.1
Project("{9A19103F-16F7-4668-BE54-9A1E7A4F7556}") = "Delegate", "Delegate\Delegate.csproj", "{0ADE2CDE-EA5F-4021-A406-AE2663D27F93}"
EndProject
Project("{9A19103F-16F7-4668-BE54-9A1E7A4F7556}") = "Event", "Event\Event.csproj", "{E3E1AC27-5BBC-4997-8CEE-516856C0A24F}"
EndProject
Project("{FAE04EC0-301F-11D3-BF4B-00C04F79EFBC}") = "EventExample", "EventExample\EventExample.csproj", "{F5B11C5E-FC96-4F1E-AB84-296D7D71C0F5}"
EndProject
Global
	GlobalSection(SolutionConfigurationPlatforms) = preSolution
		Debug|Any CPU = Debug|Any CPU
		Release|Any CPU = Release|Any CPU
	EndGlobalSection
	GlobalSection(ProjectConfigurationPlatforms) = postSolution
		{0ADE2CDE-EA5F-4021-A406-AE2663D27F93}.Debug|Any CPU.ActiveCfg = Debug|Any CPU
		{0ADE2CDE-EA5F-4021-A406-AE2663D27F93}.Debug|Any CPU.Build.0 = Debug|Any CPU
		{0ADE2CDE-EA5F-4021-A406-AE2663D27F93}.Release|Any CPU.ActiveCfg = Release|Any CPU
		{0ADE2CDE-EA5F-4021-A406-AE2663D27F93}.Release|Any CPU.Build.0 = Release|Any CPU
		{E3E1AC27-5BBC-4997-8CEE-516856C0A24F}.Debug|Any CPU.ActiveCfg = Debug|Any CPU
		{E3E1AC27-5BBC-4997-8CEE-516856C0A24F}.Debug|Any CPU.Build.0 = Debug|Any CPU
		{E3E1AC27-5BBC-4997-8CEE-516856C0A24F}.Release|Any CPU.ActiveCfg = Release|Any CPU
		{E3E1AC27-5BBC-4997-8CEE-516856C0A24F}.Release|Any CPU.Build.0 = Release|Any CPU
		{F5B11C5E-FC96-4F1E-AB84-296D7D71C0F5}.Debug|Any CPU.ActiveCfg = Debug|Any CPU
		{F5B11C5E-FC96-4F1E-AB84-296D7D71C0F5}.Debug|Any CPU.Build.0 = Debug|Any CPU
		{F5B11C5E-FC96-4F1E-AB84-296D7D71C0F5}.Release|Any CPU.ActiveCfg = Release|Any CPU
		{F5B11C5E-FC96-4F1E-AB84-296D7D71C0F5}.Release|Any CPU.Build.0 = Release|Any CPU
	EndGlobalSection
	GlobalSection(SolutionProperties) = preSolution
		HideSolutionNode = FALSE
	EndGlobalSection
	GlobalSection(ExtensibilityGlobals) = postSolution
		SolutionGuid = {99355312-FDFF-47B7-B278-D39A6FB85040}
	EndGlobalSection
EndGlobal
