
Microsoft Visual Studio Solution File, Format Version 12.00
# Visual Studio 15
VisualStudioVersion = 15.0.27428.2005
MinimumVisualStudioVersion = 10.0.40219.1
Project("{FAE04EC0-301F-11D3-BF4B-00C04F79EFBC}") = "MyFirstWinApp", "MyFirstWinApp\MyFirstWinApp.csproj", "{F26445BD-247B-4412-AEDA-74690BC2B58E}"
EndProject
Project("{2150E333-8FDC-42A3-9474-1A3956D46DE8}") = "Solution Items", "Solution Items", "{E3CC5BD0-5FFC-4710-8FC9-96ACEA650231}"
	ProjectSection(SolutionItems) = preProject
		sessionText.txt = sessionText.txt
	EndProjectSection
EndProject
Global
	GlobalSection(SolutionConfigurationPlatforms) = preSolution
		Debug|Any CPU = Debug|Any CPU
		Release|Any CPU = Release|Any CPU
	EndGlobalSection
	GlobalSection(ProjectConfigurationPlatforms) = postSolution
		{F26445BD-247B-4412-AEDA-74690BC2B58E}.Debug|Any CPU.ActiveCfg = Debug|Any CPU
		{F26445BD-247B-4412-AEDA-74690BC2B58E}.Debug|Any CPU.Build.0 = Debug|Any CPU
		{F26445BD-247B-4412-AEDA-74690BC2B58E}.Release|Any CPU.ActiveCfg = Release|Any CPU
		{F26445BD-247B-4412-AEDA-74690BC2B58E}.Release|Any CPU.Build.0 = Release|Any CPU
	EndGlobalSection
	GlobalSection(SolutionProperties) = preSolution
		HideSolutionNode = FALSE
	EndGlobalSection
	GlobalSection(ExtensibilityGlobals) = postSolution
		SolutionGuid = {C4307101-7433-44C2-8BFA-1890E6392DFF}
	EndGlobalSection
EndGlobal
