
Microsoft Visual Studio Solution File, Format Version 12.00
# Visual Studio 15
VisualStudioVersion = 15.0.27428.2005
MinimumVisualStudioVersion = 10.0.40219.1
Project("{9A19103F-16F7-4668-BE54-9A1E7A4F7556}") = "DataStructure", "DataStructure\DataStructure.csproj", "{54764A5E-C0EE-4482-B709-0AABC39EAC83}"
EndProject
Project("{9A19103F-16F7-4668-BE54-9A1E7A4F7556}") = "LinkedListDynamic", "LinkedListDynamic\LinkedListDynamic.csproj", "{56AC47AC-1792-48E0-B4FB-2203E51A27FE}"
EndProject
Project("{9A19103F-16F7-4668-BE54-9A1E7A4F7556}") = "ProgramArrayListEx", "ProgramArrayListEx\ProgramArrayListEx.csproj", "{721DCE0B-C6AC-40FC-8516-EB4BE382FBFE}"
EndProject
Project("{9A19103F-16F7-4668-BE54-9A1E7A4F7556}") = "UnionIntersectList", "UnionIntersectList\UnionIntersectList.csproj", "{07502A95-BF69-4E49-BA45-1A2A93E21BA8}"
EndProject
Project("{FAE04EC0-301F-11D3-BF4B-00C04F79EFBC}") = "StackAndQueue", "StackAndQueue\StackAndQueue.csproj", "{55BA2211-991D-4BAA-B920-36B388F81783}"
EndProject
Global
	GlobalSection(SolutionConfigurationPlatforms) = preSolution
		Debug|Any CPU = Debug|Any CPU
		Release|Any CPU = Release|Any CPU
	EndGlobalSection
	GlobalSection(ProjectConfigurationPlatforms) = postSolution
		{54764A5E-C0EE-4482-B709-0AABC39EAC83}.Debug|Any CPU.ActiveCfg = Debug|Any CPU
		{54764A5E-C0EE-4482-B709-0AABC39EAC83}.Debug|Any CPU.Build.0 = Debug|Any CPU
		{54764A5E-C0EE-4482-B709-0AABC39EAC83}.Release|Any CPU.ActiveCfg = Release|Any CPU
		{54764A5E-C0EE-4482-B709-0AABC39EAC83}.Release|Any CPU.Build.0 = Release|Any CPU
		{56AC47AC-1792-48E0-B4FB-2203E51A27FE}.Debug|Any CPU.ActiveCfg = Debug|Any CPU
		{56AC47AC-1792-48E0-B4FB-2203E51A27FE}.Debug|Any CPU.Build.0 = Debug|Any CPU
		{56AC47AC-1792-48E0-B4FB-2203E51A27FE}.Release|Any CPU.ActiveCfg = Release|Any CPU
		{56AC47AC-1792-48E0-B4FB-2203E51A27FE}.Release|Any CPU.Build.0 = Release|Any CPU
		{721DCE0B-C6AC-40FC-8516-EB4BE382FBFE}.Debug|Any CPU.ActiveCfg = Debug|Any CPU
		{721DCE0B-C6AC-40FC-8516-EB4BE382FBFE}.Debug|Any CPU.Build.0 = Debug|Any CPU
		{721DCE0B-C6AC-40FC-8516-EB4BE382FBFE}.Release|Any CPU.ActiveCfg = Release|Any CPU
		{721DCE0B-C6AC-40FC-8516-EB4BE382FBFE}.Release|Any CPU.Build.0 = Release|Any CPU
		{07502A95-BF69-4E49-BA45-1A2A93E21BA8}.Debug|Any CPU.ActiveCfg = Debug|Any CPU
		{07502A95-BF69-4E49-BA45-1A2A93E21BA8}.Debug|Any CPU.Build.0 = Debug|Any CPU
		{07502A95-BF69-4E49-BA45-1A2A93E21BA8}.Release|Any CPU.ActiveCfg = Release|Any CPU
		{07502A95-BF69-4E49-BA45-1A2A93E21BA8}.Release|Any CPU.Build.0 = Release|Any CPU
		{55BA2211-991D-4BAA-B920-36B388F81783}.Debug|Any CPU.ActiveCfg = Debug|Any CPU
		{55BA2211-991D-4BAA-B920-36B388F81783}.Debug|Any CPU.Build.0 = Debug|Any CPU
		{55BA2211-991D-4BAA-B920-36B388F81783}.Release|Any CPU.ActiveCfg = Release|Any CPU
		{55BA2211-991D-4BAA-B920-36B388F81783}.Release|Any CPU.Build.0 = Release|Any CPU
	EndGlobalSection
	GlobalSection(SolutionProperties) = preSolution
		HideSolutionNode = FALSE
	EndGlobalSection
	GlobalSection(ExtensibilityGlobals) = postSolution
		SolutionGuid = {94EFBA5E-8484-4CBA-8A7B-FE5E76FFD902}
	EndGlobalSection
EndGlobal
