
Microsoft Visual Studio Solution File, Format Version 12.00
# Visual Studio 15
VisualStudioVersion = 15.0.27428.2037
MinimumVisualStudioVersion = 10.0.40219.1
Project("{FAE04EC0-301F-11D3-BF4B-00C04F79EFBC}") = "JamieKingVid", "JamieKingVid\JamieKingVid.csproj", "{616A0C50-3092-426A-8D8E-A406281812D0}"
EndProject
Global
	GlobalSection(SolutionConfigurationPlatforms) = preSolution
		Debug|Any CPU = Debug|Any CPU
		Release|Any CPU = Release|Any CPU
	EndGlobalSection
	GlobalSection(ProjectConfigurationPlatforms) = postSolution
		{616A0C50-3092-426A-8D8E-A406281812D0}.Debug|Any CPU.ActiveCfg = Debug|Any CPU
		{616A0C50-3092-426A-8D8E-A406281812D0}.Debug|Any CPU.Build.0 = Debug|Any CPU
		{616A0C50-3092-426A-8D8E-A406281812D0}.Release|Any CPU.ActiveCfg = Release|Any CPU
		{616A0C50-3092-426A-8D8E-A406281812D0}.Release|Any CPU.Build.0 = Release|Any CPU
	EndGlobalSection
	GlobalSection(SolutionProperties) = preSolution
		HideSolutionNode = FALSE
	EndGlobalSection
	GlobalSection(ExtensibilityGlobals) = postSolution
		SolutionGuid = {A0311263-EEC1-4D82-AF69-D4C1D2AFEBA7}
	EndGlobalSection
EndGlobal
