
Microsoft Visual Studio Solution File, Format Version 12.00
# Visual Studio 15
VisualStudioVersion = 15.0.27130.2036
MinimumVisualStudioVersion = 10.0.40219.1
Project("{FAE04EC0-301F-11D3-BF4B-00C04F79EFBC}") = "OptionalParameter", "OptionalParameter\OptionalParameter.csproj", "{1E81573F-5DDC-4154-8FE5-07452931EFA0}"
EndProject
Global
	GlobalSection(SolutionConfigurationPlatforms) = preSolution
		Debug|Any CPU = Debug|Any CPU
		Release|Any CPU = Release|Any CPU
	EndGlobalSection
	GlobalSection(ProjectConfigurationPlatforms) = postSolution
		{1E81573F-5DDC-4154-8FE5-07452931EFA0}.Debug|Any CPU.ActiveCfg = Debug|Any CPU
		{1E81573F-5DDC-4154-8FE5-07452931EFA0}.Debug|Any CPU.Build.0 = Debug|Any CPU
		{1E81573F-5DDC-4154-8FE5-07452931EFA0}.Release|Any CPU.ActiveCfg = Release|Any CPU
		{1E81573F-5DDC-4154-8FE5-07452931EFA0}.Release|Any CPU.Build.0 = Release|Any CPU
	EndGlobalSection
	GlobalSection(SolutionProperties) = preSolution
		HideSolutionNode = FALSE
	EndGlobalSection
	GlobalSection(ExtensibilityGlobals) = postSolution
		SolutionGuid = {3EFBEE62-66E0-4F60-AD64-278D7CCDCA90}
	EndGlobalSection
EndGlobal
