
Microsoft Visual Studio Solution File, Format Version 12.00
# Visual Studio 15
VisualStudioVersion = 15.0.27428.2005
MinimumVisualStudioVersion = 10.0.40219.1
Project("{FAE04EC0-301F-11D3-BF4B-00C04F79EFBC}") = "TreesAndGraph", "TreesAndGraph\TreesAndGraph.csproj", "{11F2D0C4-9D99-4A27-ACB1-B7BB2271A3A0}"
EndProject
Project("{FAE04EC0-301F-11D3-BF4B-00C04F79EFBC}") = "TreeDirectory", "TreeDirectory\TreeDirectory.csproj", "{DB78F212-27F9-4D14-B8DE-3618ABCBB1BF}"
EndProject
Project("{FAE04EC0-301F-11D3-BF4B-00C04F79EFBC}") = "BFSTree", "BFSTree\BFSTree.csproj", "{ED2CF30B-F709-4E88-B518-3377F6F00439}"
EndProject
Project("{FAE04EC0-301F-11D3-BF4B-00C04F79EFBC}") = "BiaryTrees", "BiaryTrees\BiaryTrees.csproj", "{296F0C61-0775-4CED-9F0A-1955FAE0236F}"
EndProject
Project("{FAE04EC0-301F-11D3-BF4B-00C04F79EFBC}") = "orderedBinarySearchTree", "orderedBinarySearchTree\orderedBinarySearchTree.csproj", "{EF8BA657-D95E-4234-989A-77B2375C2515}"
EndProject
Global
	GlobalSection(SolutionConfigurationPlatforms) = preSolution
		Debug|Any CPU = Debug|Any CPU
		Release|Any CPU = Release|Any CPU
	EndGlobalSection
	GlobalSection(ProjectConfigurationPlatforms) = postSolution
		{11F2D0C4-9D99-4A27-ACB1-B7BB2271A3A0}.Debug|Any CPU.ActiveCfg = Debug|Any CPU
		{11F2D0C4-9D99-4A27-ACB1-B7BB2271A3A0}.Debug|Any CPU.Build.0 = Debug|Any CPU
		{11F2D0C4-9D99-4A27-ACB1-B7BB2271A3A0}.Release|Any CPU.ActiveCfg = Release|Any CPU
		{11F2D0C4-9D99-4A27-ACB1-B7BB2271A3A0}.Release|Any CPU.Build.0 = Release|Any CPU
		{DB78F212-27F9-4D14-B8DE-3618ABCBB1BF}.Debug|Any CPU.ActiveCfg = Debug|Any CPU
		{DB78F212-27F9-4D14-B8DE-3618ABCBB1BF}.Debug|Any CPU.Build.0 = Debug|Any CPU
		{DB78F212-27F9-4D14-B8DE-3618ABCBB1BF}.Release|Any CPU.ActiveCfg = Release|Any CPU
		{DB78F212-27F9-4D14-B8DE-3618ABCBB1BF}.Release|Any CPU.Build.0 = Release|Any CPU
		{ED2CF30B-F709-4E88-B518-3377F6F00439}.Debug|Any CPU.ActiveCfg = Debug|Any CPU
		{ED2CF30B-F709-4E88-B518-3377F6F00439}.Debug|Any CPU.Build.0 = Debug|Any CPU
		{ED2CF30B-F709-4E88-B518-3377F6F00439}.Release|Any CPU.ActiveCfg = Release|Any CPU
		{ED2CF30B-F709-4E88-B518-3377F6F00439}.Release|Any CPU.Build.0 = Release|Any CPU
		{296F0C61-0775-4CED-9F0A-1955FAE0236F}.Debug|Any CPU.ActiveCfg = Debug|Any CPU
		{296F0C61-0775-4CED-9F0A-1955FAE0236F}.Debug|Any CPU.Build.0 = Debug|Any CPU
		{296F0C61-0775-4CED-9F0A-1955FAE0236F}.Release|Any CPU.ActiveCfg = Release|Any CPU
		{296F0C61-0775-4CED-9F0A-1955FAE0236F}.Release|Any CPU.Build.0 = Release|Any CPU
		{EF8BA657-D95E-4234-989A-77B2375C2515}.Debug|Any CPU.ActiveCfg = Debug|Any CPU
		{EF8BA657-D95E-4234-989A-77B2375C2515}.Debug|Any CPU.Build.0 = Debug|Any CPU
		{EF8BA657-D95E-4234-989A-77B2375C2515}.Release|Any CPU.ActiveCfg = Release|Any CPU
		{EF8BA657-D95E-4234-989A-77B2375C2515}.Release|Any CPU.Build.0 = Release|Any CPU
	EndGlobalSection
	GlobalSection(SolutionProperties) = preSolution
		HideSolutionNode = FALSE
	EndGlobalSection
	GlobalSection(ExtensibilityGlobals) = postSolution
		SolutionGuid = {A1058A44-F196-4726-83B0-978C2D5E44F3}
	EndGlobalSection
EndGlobal
