
Microsoft Visual Studio Solution File, Format Version 12.00
# Visual Studio 15
VisualStudioVersion = 15.0.27428.2005
MinimumVisualStudioVersion = 10.0.40219.1
Project("{FAE04EC0-301F-11D3-BF4B-00C04F79EFBC}") = "AboutGenerics", "AboutGenerics\AboutGenerics.csproj", "{87A7D90D-3944-4076-A4E3-15FACA5F7AF6}"
EndProject
Project("{FAE04EC0-301F-11D3-BF4B-00C04F79EFBC}") = "InnerClass", "InnerClass\InnerClass.csproj", "{6915D6DD-F0FC-4C39-9CA6-6F41E70D62C7}"
EndProject
Project("{FAE04EC0-301F-11D3-BF4B-00C04F79EFBC}") = "EnumInsideClass", "EnumInsideClass\EnumInsideClass.csproj", "{81F3CC2D-4AFF-4513-888B-14E21EC4DB5B}"
EndProject
Global
	GlobalSection(SolutionConfigurationPlatforms) = preSolution
		Debug|Any CPU = Debug|Any CPU
		Release|Any CPU = Release|Any CPU
	EndGlobalSection
	GlobalSection(ProjectConfigurationPlatforms) = postSolution
		{87A7D90D-3944-4076-A4E3-15FACA5F7AF6}.Debug|Any CPU.ActiveCfg = Debug|Any CPU
		{87A7D90D-3944-4076-A4E3-15FACA5F7AF6}.Debug|Any CPU.Build.0 = Debug|Any CPU
		{87A7D90D-3944-4076-A4E3-15FACA5F7AF6}.Release|Any CPU.ActiveCfg = Release|Any CPU
		{87A7D90D-3944-4076-A4E3-15FACA5F7AF6}.Release|Any CPU.Build.0 = Release|Any CPU
		{6915D6DD-F0FC-4C39-9CA6-6F41E70D62C7}.Debug|Any CPU.ActiveCfg = Debug|Any CPU
		{6915D6DD-F0FC-4C39-9CA6-6F41E70D62C7}.Debug|Any CPU.Build.0 = Debug|Any CPU
		{6915D6DD-F0FC-4C39-9CA6-6F41E70D62C7}.Release|Any CPU.ActiveCfg = Release|Any CPU
		{6915D6DD-F0FC-4C39-9CA6-6F41E70D62C7}.Release|Any CPU.Build.0 = Release|Any CPU
		{81F3CC2D-4AFF-4513-888B-14E21EC4DB5B}.Debug|Any CPU.ActiveCfg = Debug|Any CPU
		{81F3CC2D-4AFF-4513-888B-14E21EC4DB5B}.Debug|Any CPU.Build.0 = Debug|Any CPU
		{81F3CC2D-4AFF-4513-888B-14E21EC4DB5B}.Release|Any CPU.ActiveCfg = Release|Any CPU
		{81F3CC2D-4AFF-4513-888B-14E21EC4DB5B}.Release|Any CPU.Build.0 = Release|Any CPU
	EndGlobalSection
	GlobalSection(SolutionProperties) = preSolution
		HideSolutionNode = FALSE
	EndGlobalSection
	GlobalSection(ExtensibilityGlobals) = postSolution
		SolutionGuid = {0C590110-B8E4-4D4D-8D9F-00B1B3367365}
	EndGlobalSection
EndGlobal
