
Microsoft Visual Studio Solution File, Format Version 12.00
# Visual Studio 15
VisualStudioVersion = 15.0.27428.2027
MinimumVisualStudioVersion = 10.0.40219.1
Project("{FAE04EC0-301F-11D3-BF4B-00C04F79EFBC}") = "BinaryTree", "BinaryTree\BinaryTree.csproj", "{89ED307A-8D6D-4EB3-AE5F-66B7A26D996B}"
EndProject
Project("{FAE04EC0-301F-11D3-BF4B-00C04F79EFBC}") = "BinaryTreeTest", "BinaryTreeTest\BinaryTreeTest.csproj", "{108EE9F8-D48D-4346-A920-E76F6811AFA9}"
EndProject
Global
	GlobalSection(SolutionConfigurationPlatforms) = preSolution
		Debug|Any CPU = Debug|Any CPU
		Release|Any CPU = Release|Any CPU
	EndGlobalSection
	GlobalSection(ProjectConfigurationPlatforms) = postSolution
		{89ED307A-8D6D-4EB3-AE5F-66B7A26D996B}.Debug|Any CPU.ActiveCfg = Debug|Any CPU
		{89ED307A-8D6D-4EB3-AE5F-66B7A26D996B}.Debug|Any CPU.Build.0 = Debug|Any CPU
		{89ED307A-8D6D-4EB3-AE5F-66B7A26D996B}.Release|Any CPU.ActiveCfg = Release|Any CPU
		{89ED307A-8D6D-4EB3-AE5F-66B7A26D996B}.Release|Any CPU.Build.0 = Release|Any CPU
		{108EE9F8-D48D-4346-A920-E76F6811AFA9}.Debug|Any CPU.ActiveCfg = Debug|Any CPU
		{108EE9F8-D48D-4346-A920-E76F6811AFA9}.Debug|Any CPU.Build.0 = Debug|Any CPU
		{108EE9F8-D48D-4346-A920-E76F6811AFA9}.Release|Any CPU.ActiveCfg = Release|Any CPU
		{108EE9F8-D48D-4346-A920-E76F6811AFA9}.Release|Any CPU.Build.0 = Release|Any CPU
	EndGlobalSection
	GlobalSection(SolutionProperties) = preSolution
		HideSolutionNode = FALSE
	EndGlobalSection
	GlobalSection(ExtensibilityGlobals) = postSolution
		SolutionGuid = {107732C5-1C98-4C56-9E58-4CE523D2DC66}
	EndGlobalSection
EndGlobal
